// !$*UTF8*$!
{
	archiveVersion = 1;
	classes = {
	};
	objectVersion = 50;
	objects = {

/* Begin PBXBuildFile section */
		0E8671E823C3D3F02A7106E0 /* Pods_Day_One_Clone.framework in Frameworks */ = {isa = PBXBuildFile; fileRef = 6B7A432E3FEAC0D1ECAD6295 /* Pods_Day_One_Clone.framework */; };
		644C68E520BDD3AB0021C6BA /* Models.swift in Sources */ = {isa = PBXBuildFile; fileRef = 644C68E420BDD3AB0021C6BA /* Models.swift */; };
		648DFB1E20B488770070F482 /* AppDelegate.swift in Sources */ = {isa = PBXBuildFile; fileRef = 648DFB1D20B488770070F482 /* AppDelegate.swift */; };
		648DFB2320B488770070F482 /* Main.storyboard in Resources */ = {isa = PBXBuildFile; fileRef = 648DFB2120B488770070F482 /* Main.storyboard */; };
		648DFB2520B488780070F482 /* Assets.xcassets in Resources */ = {isa = PBXBuildFile; fileRef = 648DFB2420B488780070F482 /* Assets.xcassets */; };
		648DFB2820B488780070F482 /* LaunchScreen.storyboard in Resources */ = {isa = PBXBuildFile; fileRef = 648DFB2620B488780070F482 /* LaunchScreen.storyboard */; };
		648DFB3120B48E040070F482 /* JournalDetailViewController.swift in Sources */ = {isa = PBXBuildFile; fileRef = 648DFB3020B48E040070F482 /* JournalDetailViewController.swift */; };
		648DFB3320B48E230070F482 /* JournalTableViewController.swift in Sources */ = {isa = PBXBuildFile; fileRef = 648DFB3220B48E230070F482 /* JournalTableViewController.swift */; };
		648DFB3520B48E4B0070F482 /* CreateJournalViewController.swift in Sources */ = {isa = PBXBuildFile; fileRef = 648DFB3420B48E4B0070F482 /* CreateJournalViewController.swift */; };
		648DFB3720B48E630070F482 /* PhotoCollectionViewController.swift in Sources */ = {isa = PBXBuildFile; fileRef = 648DFB3620B48E630070F482 /* PhotoCollectionViewController.swift */; };
/* End PBXBuildFile section */

/* Begin PBXFileReference section */
		0529EC020252C362DB07A92F /* Pods-Day One Clone.debug.xcconfig */ = {isa = PBXFileReference; includeInIndex = 1; lastKnownFileType = text.xcconfig; name = "Pods-Day One Clone.debug.xcconfig"; path = "Pods/Target Support Files/Pods-Day One Clone/Pods-Day One Clone.debug.xcconfig"; sourceTree = "<group>"; };
		4069D3438F427A00C6D378EC /* Pods-Day One Clone.release.xcconfig */ = {isa = PBXFileReference; includeInIndex = 1; lastKnownFileType = text.xcconfig; name = "Pods-Day One Clone.release.xcconfig"; path = "Pods/Target Support Files/Pods-Day One Clone/Pods-Day One Clone.release.xcconfig"; sourceTree = "<group>"; };
		644C68E420BDD3AB0021C6BA /* Models.swift */ = {isa = PBXFileReference; lastKnownFileType = sourcecode.swift; path = Models.swift; sourceTree = "<group>"; };
		648DFB1A20B488770070F482 /* Day One Clone.app */ = {isa = PBXFileReference; explicitFileType = wrapper.application; includeInIndex = 0; path = "Day One Clone.app"; sourceTree = BUILT_PRODUCTS_DIR; };
		648DFB1D20B488770070F482 /* AppDelegate.swift */ = {isa = PBXFileReference; lastKnownFileType = sourcecode.swift; path = AppDelegate.swift; sourceTree = "<group>"; };
		648DFB2220B488770070F482 /* Base */ = {isa = PBXFileReference; lastKnownFileType = file.storyboard; name = Base; path = Base.lproj/Main.storyboard; sourceTree = "<group>"; };
		648DFB2420B488780070F482 /* Assets.xcassets */ = {isa = PBXFileReference; lastKnownFileType = folder.assetcatalog; path = Assets.xcassets; sourceTree = "<group>"; };
		648DFB2720B488780070F482 /* Base */ = {isa = PBXFileReference; lastKnownFileType = file.storyboard; name = Base; path = Base.lproj/LaunchScreen.storyboard; sourceTree = "<group>"; };
		648DFB2920B488780070F482 /* Info.plist */ = {isa = PBXFileReference; lastKnownFileType = text.plist.xml; path = Info.plist; sourceTree = "<group>"; };
		648DFB3020B48E040070F482 /* JournalDetailViewController.swift */ = {isa = PBXFileReference; lastKnownFileType = sourcecode.swift; path = JournalDetailViewController.swift; sourceTree = "<group>"; };
		648DFB3220B48E230070F482 /* JournalTableViewController.swift */ = {isa = PBXFileReference; lastKnownFileType = sourcecode.swift; path = JournalTableViewController.swift; sourceTree = "<group>"; };
		648DFB3420B48E4B0070F482 /* CreateJournalViewController.swift */ = {isa = PBXFileReference; lastKnownFileType = sourcecode.swift; path = CreateJournalViewController.swift; sourceTree = "<group>"; };
		648DFB3620B48E630070F482 /* PhotoCollectionViewController.swift */ = {isa = PBXFileReference; lastKnownFileType = sourcecode.swift; path = PhotoCollectionViewController.swift; sourceTree = "<group>"; };
		6B7A432E3FEAC0D1ECAD6295 /* Pods_Day_One_Clone.framework */ = {isa = PBXFileReference; explicitFileType = wrapper.framework; includeInIndex = 0; path = Pods_Day_One_Clone.framework; sourceTree = BUILT_PRODUCTS_DIR; };
/* End PBXFileReference section */

/* Begin PBXFrameworksBuildPhase section */
		648DFB1720B488770070F482 /* Frameworks */ = {
			isa = PBXFrameworksBuildPhase;
			buildActionMask = 2147483647;
			files = (
				0E8671E823C3D3F02A7106E0 /* Pods_Day_One_Clone.framework in Frameworks */,
			);
			runOnlyForDeploymentPostprocessing = 0;
		};
/* End PBXFrameworksBuildPhase section */

/* Begin PBXGroup section */
		613270A2E4300E8AF88B32B0 /* Pods */ = {
			isa = PBXGroup;
			children = (
				0529EC020252C362DB07A92F /* Pods-Day One Clone.debug.xcconfig */,
				4069D3438F427A00C6D378EC /* Pods-Day One Clone.release.xcconfig */,
			);
			name = Pods;
			sourceTree = "<group>";
		};
		644C68E320BDD1140021C6BA /* Data */ = {
			isa = PBXGroup;
			children = (
				644C68E420BDD3AB0021C6BA /* Models.swift */,
			);
			path = Data;
			sourceTree = "<group>";
		};
		648DFB1120B488770070F482 = {
			isa = PBXGroup;
			children = (
				648DFB1C20B488770070F482 /* Day One Clone */,
				648DFB1B20B488770070F482 /* Products */,
				613270A2E4300E8AF88B32B0 /* Pods */,
				D77AA2367D85421471A04B91 /* Frameworks */,
			);
			sourceTree = "<group>";
		};
		648DFB1B20B488770070F482 /* Products */ = {
			isa = PBXGroup;
			children = (
				648DFB1A20B488770070F482 /* Day One Clone.app */,
			);
			name = Products;
			sourceTree = "<group>";
		};
		648DFB1C20B488770070F482 /* Day One Clone */ = {
			isa = PBXGroup;
			children = (
				644C68E320BDD1140021C6BA /* Data */,
				648DFB2F20B48DD80070F482 /* Controller */,
				648DFB1D20B488770070F482 /* AppDelegate.swift */,
				648DFB2120B488770070F482 /* Main.storyboard */,
				648DFB2420B488780070F482 /* Assets.xcassets */,
				648DFB2620B488780070F482 /* LaunchScreen.storyboard */,
				648DFB2920B488780070F482 /* Info.plist */,
			);
			path = "Day One Clone";
			sourceTree = "<group>";
		};
		648DFB2F20B48DD80070F482 /* Controller */ = {
			isa = PBXGroup;
			children = (
				648DFB3020B48E040070F482 /* JournalDetailViewController.swift */,
				648DFB3220B48E230070F482 /* JournalTableViewController.swift */,
				648DFB3420B48E4B0070F482 /* CreateJournalViewController.swift */,
				648DFB3620B48E630070F482 /* PhotoCollectionViewController.swift */,
			);
			path = Controller;
			sourceTree = "<group>";
		};
		D77AA2367D85421471A04B91 /* Frameworks */ = {
			isa = PBXGroup;
			children = (
				6B7A432E3FEAC0D1ECAD6295 /* Pods_Day_One_Clone.framework */,
			);
			name = Frameworks;
			sourceTree = "<group>";
		};
/* End PBXGroup section */

/* Begin PBXNativeTarget section */
		648DFB1920B488770070F482 /* Day One Clone */ = {
			isa = PBXNativeTarget;
			buildConfigurationList = 648DFB2C20B488780070F482 /* Build configuration list for PBXNativeTarget "Day One Clone" */;
			buildPhases = (
				22B72936B0775C664AB30990 /* [CP] Check Pods Manifest.lock */,
				648DFB1620B488770070F482 /* Sources */,
				648DFB1720B488770070F482 /* Frameworks */,
				648DFB1820B488770070F482 /* Resources */,
				AD4E7143B1B8F54EAD597C2F /* [CP] Embed Pods Frameworks */,
			);
			buildRules = (
			);
			dependencies = (
			);
			name = "Day One Clone";
			productName = "Day One Clone";
			productReference = 648DFB1A20B488770070F482 /* Day One Clone.app */;
			productType = "com.apple.product-type.application";
		};
/* End PBXNativeTarget section */

/* Begin PBXProject section */
		648DFB1220B488770070F482 /* Project object */ = {
			isa = PBXProject;
			attributes = {
				LastSwiftUpdateCheck = 0930;
				LastUpgradeCheck = 0930;
				ORGANIZATIONNAME = PolinaFiksson;
				TargetAttributes = {
					648DFB1920B488770070F482 = {
						CreatedOnToolsVersion = 9.3;
					};
				};
			};
			buildConfigurationList = 648DFB1520B488770070F482 /* Build configuration list for PBXProject "Day One Clone" */;
			compatibilityVersion = "Xcode 9.3";
			developmentRegion = en;
			hasScannedForEncodings = 0;
			knownRegions = (
				en,
				Base,
			);
			mainGroup = 648DFB1120B488770070F482;
			productRefGroup = 648DFB1B20B488770070F482 /* Products */;
			projectDirPath = "";
			projectRoot = "";
			targets = (
				648DFB1920B488770070F482 /* Day One Clone */,
			);
		};
/* End PBXProject section */

/* Begin PBXResourcesBuildPhase section */
		648DFB1820B488770070F482 /* Resources */ = {
			isa = PBXResourcesBuildPhase;
			buildActionMask = 2147483647;
			files = (
				648DFB2820B488780070F482 /* LaunchScreen.storyboard in Resources */,
				648DFB2520B488780070F482 /* Assets.xcassets in Resources */,
				648DFB2320B488770070F482 /* Main.storyboard in Resources */,
			);
			runOnlyForDeploymentPostprocessing = 0;
		};
/* End PBXResourcesBuildPhase section */

/* Begin PBXShellScriptBuildPhase section */
		22B72936B0775C664AB30990 /* [CP] Check Pods Manifest.lock */ = {
			isa = PBXShellScriptBuildPhase;
			buildActionMask = 2147483647;
			files = (
			);
			inputPaths = (
				"${PODS_PODFILE_DIR_PATH}/Podfile.lock",
				"${PODS_ROOT}/Manifest.lock",
			);
			name = "[CP] Check Pods Manifest.lock";
			outputPaths = (
				"$(DERIVED_FILE_DIR)/Pods-Day One Clone-checkManifestLockResult.txt",
			);
			runOnlyForDeploymentPostprocessing = 0;
			shellPath = /bin/sh;
			shellScript = "diff \"${PODS_PODFILE_DIR_PATH}/Podfile.lock\" \"${PODS_ROOT}/Manifest.lock\" > /dev/null\nif [ $? != 0 ] ; then\n    # print error to STDERR\n    echo \"error: The sandbox is not in sync with the Podfile.lock. Run 'pod install' or update your CocoaPods installation.\" >&2\n    exit 1\nfi\n# This output is used by Xcode 'outputs' to avoid re-running this script phase.\necho \"SUCCESS\" > \"${SCRIPT_OUTPUT_FILE_0}\"\n";
			showEnvVarsInLog = 0;
		};
		AD4E7143B1B8F54EAD597C2F /* [CP] Embed Pods Frameworks */ = {
			isa = PBXShellScriptBuildPhase;
			buildActionMask = 2147483647;
			files = (
			);
			inputPaths = (
				"${SRCROOT}/Pods/Target Support Files/Pods-Day One Clone/Pods-Day One Clone-frameworks.sh",
				"${BUILT_PRODUCTS_DIR}/Realm/Realm.framework",
				"${BUILT_PRODUCTS_DIR}/RealmSwift/RealmSwift.framework",
				"${BUILT_PRODUCTS_DIR}/Toucan/Toucan.framework",
			);
			name = "[CP] Embed Pods Frameworks";
			outputPaths = (
				"${TARGET_BUILD_DIR}/${FRAMEWORKS_FOLDER_PATH}/Realm.framework",
				"${TARGET_BUILD_DIR}/${FRAMEWORKS_FOLDER_PATH}/RealmSwift.framework",
				"${TARGET_BUILD_DIR}/${FRAMEWORKS_FOLDER_PATH}/Toucan.framework",
			);
			runOnlyForDeploymentPostprocessing = 0;
			shellPath = /bin/sh;
			shellScript = "\"${SRCROOT}/Pods/Target Support Files/Pods-Day One Clone/Pods-Day One Clone-frameworks.sh\"\n";
			showEnvVarsInLog = 0;
		};
/* End PBXShellScriptBuildPhase section */

/* Begin PBXSourcesBuildPhase section */
		648DFB1620B488770070F482 /* Sources */ = {
			isa = PBXSourcesBuildPhase;
			buildActionMask = 2147483647;
			files = (
				648DFB3720B48E630070F482 /* PhotoCollectionViewController.swift in Sources */,
				648DFB1E20B488770070F482 /* AppDelegate.swift in Sources */,
				648DFB3320B48E230070F482 /* JournalTableViewController.swift in Sources */,
				644C68E520BDD3AB0021C6BA /* Models.swift in Sources */,
				648DFB3520B48E4B0070F482 /* CreateJournalViewController.swift in Sources */,
				648DFB3120B48E040070F482 /* JournalDetailViewController.swift in Sources */,
			);
			runOnlyForDeploymentPostprocessing = 0;
		};
/* End PBXSourcesBuildPhase section */

/* Begin PBXVariantGroup section */
		648DFB2120B488770070F482 /* Main.storyboard */ = {
			isa = PBXVariantGroup;
			children = (
				648DFB2220B488770070F482 /* Base */,
			);
			name = Main.storyboard;
			sourceTree = "<group>";
		};
		648DFB2620B488780070F482 /* LaunchScreen.storyboard */ = {
			isa = PBXVariantGroup;
			children = (
				648DFB2720B488780070F482 /* Base */,
			);
			name = LaunchScreen.storyboard;
			sourceTree = "<group>";
		};
/* End PBXVariantGroup section */

/* Begin XCBuildConfiguration section */
		648DFB2A20B488780070F482 /* Debug */ = {
			isa = XCBuildConfiguration;
			buildSettings = {
				ALWAYS_SEARCH_USER_PATHS = NO;
				CLANG_ANALYZER_NONNULL = YES;
				CLANG_ANALYZER_NUMBER_OBJECT_CONVERSION = YES_AGGRESSIVE;
				CLANG_CXX_LANGUAGE_STANDARD = "gnu++14";
				CLANG_CXX_LIBRARY = "libc++";
				CLANG_ENABLE_MODULES = YES;
				CLANG_ENABLE_OBJC_ARC = YES;
				CLANG_ENABLE_OBJC_WEAK = YES;
				CLANG_WARN_BLOCK_CAPTURE_AUTORELEASING = YES;
				CLANG_WARN_BOOL_CONVERSION = YES;
				CLANG_WARN_COMMA = YES;
				CLANG_WARN_CONSTANT_CONVERSION = YES;
				CLANG_WARN_DEPRECATED_OBJC_IMPLEMENTATIONS = YES;
				CLANG_WARN_DIRECT_OBJC_ISA_USAGE = YES_ERROR;
				CLANG_WARN_DOCUMENTATION_COMMENTS = YES;
				CLANG_WARN_EMPTY_BODY = YES;
				CLANG_WARN_ENUM_CONVERSION = YES;
				CLANG_WARN_INFINITE_RECURSION = YES;
				CLANG_WARN_INT_CONVERSION = YES;
				CLANG_WARN_NON_LITERAL_NULL_CONVERSION = YES;
				CLANG_WARN_OBJC_IMPLICIT_RETAIN_SELF = YES;
				CLANG_WARN_OBJC_LITERAL_CONVERSION = YES;
				CLANG_WARN_OBJC_ROOT_CLASS = YES_ERROR;
				CLANG_WARN_RANGE_LOOP_ANALYSIS = YES;
				CLANG_WARN_STRICT_PROTOTYPES = YES;
				CLANG_WARN_SUSPICIOUS_MOVE = YES;
				CLANG_WARN_UNGUARDED_AVAILABILITY = YES_AGGRESSIVE;
				CLANG_WARN_UNREACHABLE_CODE = YES;
				CLANG_WARN__DUPLICATE_METHOD_MATCH = YES;
				CODE_SIGN_IDENTITY = "iPhone Developer";
				COPY_PHASE_STRIP = NO;
				DEBUG_INFORMATION_FORMAT = dwarf;
				ENABLE_STRICT_OBJC_MSGSEND = YES;
				ENABLE_TESTABILITY = YES;
				GCC_C_LANGUAGE_STANDARD = gnu11;
				GCC_DYNAMIC_NO_PIC = NO;
				GCC_NO_COMMON_BLOCKS = YES;
				GCC_OPTIMIZATION_LEVEL = 0;
				GCC_PREPROCESSOR_DEFINITIONS = (
					"DEBUG=1",
					"$(inherited)",
				);
				GCC_WARN_64_TO_32_BIT_CONVERSION = YES;
				GCC_WARN_ABOUT_RETURN_TYPE = YES_ERROR;
				GCC_WARN_UNDECLARED_SELECTOR = YES;
				GCC_WARN_UNINITIALIZED_AUTOS = YES_AGGRESSIVE;
				GCC_WARN_UNUSED_FUNCTION = YES;
				GCC_WARN_UNUSED_VARIABLE = YES;
				IPHONEOS_DEPLOYMENT_TARGET = 11.3;
				MTL_ENABLE_DEBUG_INFO = YES;
				ONLY_ACTIVE_ARCH = YES;
				SDKROOT = iphoneos;
				SWIFT_ACTIVE_COMPILATION_CONDITIONS = DEBUG;
				SWIFT_OPTIMIZATION_LEVEL = "-Onone";
			};
			name = Debug;
		};
		648DFB2B20B488780070F482 /* Release */ = {
			isa = XCBuildConfiguration;
			buildSettings = {
				ALWAYS_SEARCH_USER_PATHS = NO;
				CLANG_ANALYZER_NONNULL = YES;
				CLANG_ANALYZER_NUMBER_OBJECT_CONVERSION = YES_AGGRESSIVE;
				CLANG_CXX_LANGUAGE_STANDARD = "gnu++14";
				CLANG_CXX_LIBRARY = "libc++";
				CLANG_ENABLE_MODULES = YES;
				CLANG_ENABLE_OBJC_ARC = YES;
				CLANG_ENABLE_OBJC_WEAK = YES;
				CLANG_WARN_BLOCK_CAPTURE_AUTORELEASING = YES;
				CLANG_WARN_BOOL_CONVERSION = YES;
				CLANG_WARN_COMMA = YES;
				CLANG_WARN_CONSTANT_CONVERSION = YES;
				CLANG_WARN_DEPRECATED_OBJC_IMPLEMENTATIONS = YES;
				CLANG_WARN_DIRECT_OBJC_ISA_USAGE = YES_ERROR;
				CLANG_WARN_DOCUMENTATION_COMMENTS = YES;
				CLANG_WARN_EMPTY_BODY = YES;
				CLANG_WARN_ENUM_CONVERSION = YES;
				CLANG_WARN_INFINITE_RECURSION = YES;
				CLANG_WARN_INT_CONVERSION = YES;
				CLANG_WARN_NON_LITERAL_NULL_CONVERSION = YES;
				CLANG_WARN_OBJC_IMPLICIT_RETAIN_SELF = YES;
				CLANG_WARN_OBJC_LITERAL_CONVERSION = YES;
				CLANG_WARN_OBJC_ROOT_CLASS = YES_ERROR;
				CLANG_WARN_RANGE_LOOP_ANALYSIS = YES;
				CLANG_WARN_STRICT_PROTOTYPES = YES;
				CLANG_WARN_SUSPICIOUS_MOVE = YES;
				CLANG_WARN_UNGUARDED_AVAILABILITY = YES_AGGRESSIVE;
				CLANG_WARN_UNREACHABLE_CODE = YES;
				CLANG_WARN__DUPLICATE_METHOD_MATCH = YES;
				CODE_SIGN_IDENTITY = "iPhone Developer";
				COPY_PHASE_STRIP = NO;
				DEBUG_INFORMATION_FORMAT = "dwarf-with-dsym";
				ENABLE_NS_ASSERTIONS = NO;
				ENABLE_STRICT_OBJC_MSGSEND = YES;
				GCC_C_LANGUAGE_STANDARD = gnu11;
				GCC_NO_COMMON_BLOCKS = YES;
				GCC_WARN_64_TO_32_BIT_CONVERSION = YES;
				GCC_WARN_ABOUT_RETURN_TYPE = YES_ERROR;
				GCC_WARN_UNDECLARED_SELECTOR = YES;
				GCC_WARN_UNINITIALIZED_AUTOS = YES_AGGRESSIVE;
				GCC_WARN_UNUSED_FUNCTION = YES;
				GCC_WARN_UNUSED_VARIABLE = YES;
				IPHONEOS_DEPLOYMENT_TARGET = 11.3;
				MTL_ENABLE_DEBUG_INFO = NO;
				SDKROOT = iphoneos;
				SWIFT_COMPILATION_MODE = wholemodule;
				SWIFT_OPTIMIZATION_LEVEL = "-O";
				VALIDATE_PRODUCT = YES;
			};
			name = Release;
		};
		648DFB2D20B488780070F482 /* Debug */ = {
			isa = XCBuildConfiguration;
			baseConfigurationReference = 0529EC020252C362DB07A92F /* Pods-Day One Clone.debug.xcconfig */;
			buildSettings = {
				ASSETCATALOG_COMPILER_APPICON_NAME = AppIcon;
				CODE_SIGN_STYLE = Automatic;
				DEVELOPMENT_TEAM = WPZK58J56P;
				INFOPLIST_FILE = "Day One Clone/Info.plist";
				LD_RUNPATH_SEARCH_PATHS = (
					"$(inherited)",
					"@executable_path/Frameworks",
				);
				PRODUCT_BUNDLE_IDENTIFIER = "com.polinafiksson.Day-One-Clone";
				PRODUCT_NAME = "$(TARGET_NAME)";
				SWIFT_VERSION = 4.0;
				TARGETED_DEVICE_FAMILY = "1,2";
			};
			name = Debug;
		};
		648DFB2E20B488780070F482 /* Release */ = {
			isa = XCBuildConfiguration;
			baseConfigurationReference = 4069D3438F427A00C6D378EC /* Pods-Day One Clone.release.xcconfig */;
			buildSettings = {
				ASSETCATALOG_COMPILER_APPICON_NAME = AppIcon;
				CODE_SIGN_STYLE = Automatic;
				DEVELOPMENT_TEAM = WPZK58J56P;
				INFOPLIST_FILE = "Day One Clone/Info.plist";
				LD_RUNPATH_SEARCH_PATHS = (
					"$(inherited)",
					"@executable_path/Frameworks",
				);
				PRODUCT_BUNDLE_IDENTIFIER = "com.polinafiksson.Day-One-Clone";
				PRODUCT_NAME = "$(TARGET_NAME)";
				SWIFT_VERSION = 4.0;
				TARGETED_DEVICE_FAMILY = "1,2";
			};
			name = Release;
		};
/* End XCBuildConfiguration section */

/* Begin XCConfigurationList section */
		648DFB1520B488770070F482 /* Build configuration list for PBXProject "Day One Clone" */ = {
			isa = XCConfigurationList;
			buildConfigurations = (
				648DFB2A20B488780070F482 /* Debug */,
				648DFB2B20B488780070F482 /* Release */,
			);
			defaultConfigurationIsVisible = 0;
			defaultConfigurationName = Release;
		};
		648DFB2C20B488780070F482 /* Build configuration list for PBXNativeTarget "Day One Clone" */ = {
			isa = XCConfigurationList;
			buildConfigurations = (
				648DFB2D20B488780070F482 /* Debug */,
				648DFB2E20B488780070F482 /* Release */,
			);
			defaultConfigurationIsVisible = 0;
			defaultConfigurationName = Release;
		};
/* End XCConfigurationList section */
	};
	rootObject = 648DFB1220B488770070F482 /* Project object */;
}
